
Microsoft Visual Studio Solution File, Format Version 12.00
# Visual Studio Version 16
VisualStudioVersion = 16.0.28803.352
MinimumVisualStudioVersion = 10.0.40219.1
Project("{FAE04EC0-301F-11D3-BF4B-00C04F79EFBC}") = "WpfApp1", "WpfApp1\WpfApp1.csproj", "{D2DE6885-65D7-46EB-85F7-9A7E81F32AFF}"
EndProject
Global
	GlobalSection(SolutionConfigurationPlatforms) = preSolution
		Debug|Any CPU = Debug|Any CPU
		Release|Any CPU = Release|Any CPU
	EndGlobalSection
	GlobalSection(ProjectConfigurationPlatforms) = postSolution
		{D2DE6885-65D7-46EB-85F7-9A7E81F32AFF}.Debug|Any CPU.ActiveCfg = Debug|Any CPU
		{D2DE6885-65D7-46EB-85F7-9A7E81F32AFF}.Debug|Any CPU.Build.0 = Debug|Any CPU
		{D2DE6885-65D7-46EB-85F7-9A7E81F32AFF}.Release|Any CPU.ActiveCfg = Release|Any CPU
		{D2DE6885-65D7-46EB-85F7-9A7E81F32AFF}.Release|Any CPU.Build.0 = Release|Any CPU
	EndGlobalSection
	GlobalSection(SolutionProperties) = preSolution
		HideSolutionNode = FALSE
	EndGlobalSection
	GlobalSection(ExtensibilityGlobals) = postSolution
		SolutionGuid = {4434BF86-8AB8-4C95-B723-F75DC4961CAB}
	EndGlobalSection
EndGlobal
